
Microsoft Visual Studio Solution File, Format Version 12.00
# Visual Studio Version 17
VisualStudioVersion = 17.9.34728.123
MinimumVisualStudioVersion = 10.0.40219.1
Project("{FAE04EC0-301F-11D3-BF4B-00C04F79EFBC}") = "ElasticsearchExampleDemo.Server", "ElasticsearchExampleDemo.Server\ElasticsearchExampleDemo.Server.csproj", "{9FF5A4A4-ADA4-4D32-AE09-236FF05BB846}"
EndProject
Project("{54A90642-561A-4BB1-A94E-469ADEE60C69}") = "elasticsearchexampledemo.client", "elasticsearchexampledemo.client\elasticsearchexampledemo.client.esproj", "{0FBA64AA-B38F-48AB-B474-DEA828F8400A}"
EndProject
Global
	GlobalSection(SolutionConfigurationPlatforms) = preSolution
		Debug|Any CPU = Debug|Any CPU
		Release|Any CPU = Release|Any CPU
	EndGlobalSection
	GlobalSection(ProjectConfigurationPlatforms) = postSolution
		{9FF5A4A4-ADA4-4D32-AE09-236FF05BB846}.Debug|Any CPU.ActiveCfg = Debug|Any CPU
		{9FF5A4A4-ADA4-4D32-AE09-236FF05BB846}.Debug|Any CPU.Build.0 = Debug|Any CPU
		{9FF5A4A4-ADA4-4D32-AE09-236FF05BB846}.Release|Any CPU.ActiveCfg = Release|Any CPU
		{9FF5A4A4-ADA4-4D32-AE09-236FF05BB846}.Release|Any CPU.Build.0 = Release|Any CPU
		{0FBA64AA-B38F-48AB-B474-DEA828F8400A}.Debug|Any CPU.ActiveCfg = Debug|Any CPU
		{0FBA64AA-B38F-48AB-B474-DEA828F8400A}.Debug|Any CPU.Build.0 = Debug|Any CPU
		{0FBA64AA-B38F-48AB-B474-DEA828F8400A}.Debug|Any CPU.Deploy.0 = Debug|Any CPU
		{0FBA64AA-B38F-48AB-B474-DEA828F8400A}.Release|Any CPU.ActiveCfg = Release|Any CPU
		{0FBA64AA-B38F-48AB-B474-DEA828F8400A}.Release|Any CPU.Build.0 = Release|Any CPU
		{0FBA64AA-B38F-48AB-B474-DEA828F8400A}.Release|Any CPU.Deploy.0 = Release|Any CPU
	EndGlobalSection
	GlobalSection(SolutionProperties) = preSolution
		HideSolutionNode = FALSE
	EndGlobalSection
	GlobalSection(ExtensibilityGlobals) = postSolution
		SolutionGuid = {B1887E4B-E479-4B9C-BA9B-2FCBA02A348C}
	EndGlobalSection
EndGlobal
